
Microsoft Visual Studio Solution File, Format Version 12.00
# Visual Studio Version 17
VisualStudioVersion = 17.9.34728.123
MinimumVisualStudioVersion = 10.0.40219.1
Project("{FAE04EC0-301F-11D3-BF4B-00C04F79EFBC}") = "LinqExercises", "LinqExercises\LinqExercises.csproj", "{C6A1685A-01D1-45C4-BE38-4F54FB6B24BE}"
EndProject
Global
	GlobalSection(SolutionConfigurationPlatforms) = preSolution
		Debug|Any CPU = Debug|Any CPU
		Release|Any CPU = Release|Any CPU
	EndGlobalSection
	GlobalSection(ProjectConfigurationPlatforms) = postSolution
		{C6A1685A-01D1-45C4-BE38-4F54FB6B24BE}.Debug|Any CPU.ActiveCfg = Debug|Any CPU
		{C6A1685A-01D1-45C4-BE38-4F54FB6B24BE}.Debug|Any CPU.Build.0 = Debug|Any CPU
		{C6A1685A-01D1-45C4-BE38-4F54FB6B24BE}.Release|Any CPU.ActiveCfg = Release|Any CPU
		{C6A1685A-01D1-45C4-BE38-4F54FB6B24BE}.Release|Any CPU.Build.0 = Release|Any CPU
	EndGlobalSection
	GlobalSection(SolutionProperties) = preSolution
		HideSolutionNode = FALSE
	EndGlobalSection
	GlobalSection(ExtensibilityGlobals) = postSolution
		SolutionGuid = {844EEEAB-5195-4471-8003-FCC575AF9E7B}
	EndGlobalSection
EndGlobal
