
Microsoft Visual Studio Solution File, Format Version 12.00
# Visual Studio Version 17
VisualStudioVersion = 17.9.34728.123
MinimumVisualStudioVersion = 10.0.40219.1
Project("{FAE04EC0-301F-11D3-BF4B-00C04F79EFBC}") = "Sets", "Sets\Sets.csproj", "{D21729EB-3867-4386-81D3-B505C52219E5}"
EndProject
Global
	GlobalSection(SolutionConfigurationPlatforms) = preSolution
		Debug|Any CPU = Debug|Any CPU
		Release|Any CPU = Release|Any CPU
	EndGlobalSection
	GlobalSection(ProjectConfigurationPlatforms) = postSolution
		{D21729EB-3867-4386-81D3-B505C52219E5}.Debug|Any CPU.ActiveCfg = Debug|Any CPU
		{D21729EB-3867-4386-81D3-B505C52219E5}.Debug|Any CPU.Build.0 = Debug|Any CPU
		{D21729EB-3867-4386-81D3-B505C52219E5}.Release|Any CPU.ActiveCfg = Release|Any CPU
		{D21729EB-3867-4386-81D3-B505C52219E5}.Release|Any CPU.Build.0 = Release|Any CPU
	EndGlobalSection
	GlobalSection(SolutionProperties) = preSolution
		HideSolutionNode = FALSE
	EndGlobalSection
	GlobalSection(ExtensibilityGlobals) = postSolution
		SolutionGuid = {ECA1E82F-A60B-4286-84EF-46237065E5F2}
	EndGlobalSection
EndGlobal
