
Microsoft Visual Studio Solution File, Format Version 12.00
# Visual Studio Version 17
VisualStudioVersion = 17.9.34728.123
MinimumVisualStudioVersion = 10.0.40219.1
Project("{FAE04EC0-301F-11D3-BF4B-00C04F79EFBC}") = "OrderApp", "OrderApp\OrderApp.csproj", "{1227BD67-296C-438E-A927-9EA506F11398}"
EndProject
Global
	GlobalSection(SolutionConfigurationPlatforms) = preSolution
		Debug|Any CPU = Debug|Any CPU
		Release|Any CPU = Release|Any CPU
	EndGlobalSection
	GlobalSection(ProjectConfigurationPlatforms) = postSolution
		{1227BD67-296C-438E-A927-9EA506F11398}.Debug|Any CPU.ActiveCfg = Debug|Any CPU
		{1227BD67-296C-438E-A927-9EA506F11398}.Debug|Any CPU.Build.0 = Debug|Any CPU
		{1227BD67-296C-438E-A927-9EA506F11398}.Release|Any CPU.ActiveCfg = Release|Any CPU
		{1227BD67-296C-438E-A927-9EA506F11398}.Release|Any CPU.Build.0 = Release|Any CPU
	EndGlobalSection
	GlobalSection(SolutionProperties) = preSolution
		HideSolutionNode = FALSE
	EndGlobalSection
	GlobalSection(ExtensibilityGlobals) = postSolution
		SolutionGuid = {44405C9B-FA4D-41F2-8BFD-8D8D80B67FC0}
	EndGlobalSection
EndGlobal
